
Microsoft Visual Studio Solution File, Format Version 12.00
# Visual Studio Version 17
VisualStudioVersion = 17.0.32112.339
MinimumVisualStudioVersion = 10.0.40219.1
Project("{9A19103F-16F7-4668-BE54-9A1E7A4F7556}") = "Festival.Server", "Festival\Server\Festival.Server.csproj", "{FEDAF229-9D48-4326-99CB-754DA9F74A37}"
EndProject
Project("{9A19103F-16F7-4668-BE54-9A1E7A4F7556}") = "Festival.Client", "Festival\Client\Festival.Client.csproj", "{5A06A138-563A-4741-AE57-2608DB41F5C9}"
EndProject
Project("{9A19103F-16F7-4668-BE54-9A1E7A4F7556}") = "Festival.Shared", "Festival\Shared\Festival.Shared.csproj", "{28017DB5-0F12-442B-94C7-0970028CA0A0}"
EndProject
Global
	GlobalSection(SolutionConfigurationPlatforms) = preSolution
		Debug|Any CPU = Debug|Any CPU
		Release|Any CPU = Release|Any CPU
	EndGlobalSection
	GlobalSection(ProjectConfigurationPlatforms) = postSolution
		{FEDAF229-9D48-4326-99CB-754DA9F74A37}.Debug|Any CPU.ActiveCfg = Debug|Any CPU
		{FEDAF229-9D48-4326-99CB-754DA9F74A37}.Debug|Any CPU.Build.0 = Debug|Any CPU
		{FEDAF229-9D48-4326-99CB-754DA9F74A37}.Release|Any CPU.ActiveCfg = Release|Any CPU
		{FEDAF229-9D48-4326-99CB-754DA9F74A37}.Release|Any CPU.Build.0 = Release|Any CPU
		{5A06A138-563A-4741-AE57-2608DB41F5C9}.Debug|Any CPU.ActiveCfg = Debug|Any CPU
		{5A06A138-563A-4741-AE57-2608DB41F5C9}.Debug|Any CPU.Build.0 = Debug|Any CPU
		{5A06A138-563A-4741-AE57-2608DB41F5C9}.Release|Any CPU.ActiveCfg = Release|Any CPU
		{5A06A138-563A-4741-AE57-2608DB41F5C9}.Release|Any CPU.Build.0 = Release|Any CPU
		{28017DB5-0F12-442B-94C7-0970028CA0A0}.Debug|Any CPU.ActiveCfg = Debug|Any CPU
		{28017DB5-0F12-442B-94C7-0970028CA0A0}.Debug|Any CPU.Build.0 = Debug|Any CPU
		{28017DB5-0F12-442B-94C7-0970028CA0A0}.Release|Any CPU.ActiveCfg = Release|Any CPU
		{28017DB5-0F12-442B-94C7-0970028CA0A0}.Release|Any CPU.Build.0 = Release|Any CPU
	EndGlobalSection
	GlobalSection(SolutionProperties) = preSolution
		HideSolutionNode = FALSE
	EndGlobalSection
	GlobalSection(ExtensibilityGlobals) = postSolution
		SolutionGuid = {EAEB2E14-1E29-4440-BCF8-0B7514021050}
	EndGlobalSection
EndGlobal
